// !$*UTF8*$!
{
	archiveVersion = 1;
	classes = {
	};
	objectVersion = 77;
	objects = {

/* Begin PBXContainerItemProxy section */
		FC996D7F2CA96B9A00BEF324 /* PBXContainerItemProxy */ = {
			isa = PBXContainerItemProxy;
			containerPortal = FC996D662CA96B9700BEF324 /* Project object */;
			proxyType = 1;
			remoteGlobalIDString = FC996D6D2CA96B9700BEF324;
			remoteInfo = "lidar-dimensions";
		};
		FC996D892CA96B9A00BEF324 /* PBXContainerItemProxy */ = {
			isa = PBXContainerItemProxy;
			containerPortal = FC996D662CA96B9700BEF324 /* Project object */;
			proxyType = 1;
			remoteGlobalIDString = FC996D6D2CA96B9700BEF324;
			remoteInfo = "lidar-dimensions";
		};
/* End PBXContainerItemProxy section */

/* Begin PBXFileReference section */
		FC996D6E2CA96B9700BEF324 /* lidar-dimensions.app */ = {isa = PBXFileReference; explicitFileType = wrapper.application; includeInIndex = 0; path = "lidar-dimensions.app"; sourceTree = BUILT_PRODUCTS_DIR; };
		FC996D7E2CA96B9A00BEF324 /* lidar-dimensionsTests.xctest */ = {isa = PBXFileReference; explicitFileType = wrapper.cfbundle; includeInIndex = 0; path = "lidar-dimensionsTests.xctest"; sourceTree = BUILT_PRODUCTS_DIR; };
		FC996D882CA96B9A00BEF324 /* lidar-dimensionsUITests.xctest */ = {isa = PBXFileReference; explicitFileType = wrapper.cfbundle; includeInIndex = 0; path = "lidar-dimensionsUITests.xctest"; sourceTree = BUILT_PRODUCTS_DIR; };
/* End PBXFileReference section */

/* Begin PBXFileSystemSynchronizedRootGroup section */
		FC996D702CA96B9700BEF324 /* lidar-dimensions */ = {
			isa = PBXFileSystemSynchronizedRootGroup;
			path = "lidar-dimensions";
			sourceTree = "<group>";
		};
		FC996D812CA96B9A00BEF324 /* lidar-dimensionsTests */ = {
			isa = PBXFileSystemSynchronizedRootGroup;
			path = "lidar-dimensionsTests";
			sourceTree = "<group>";
		};
		FC996D8B2CA96B9A00BEF324 /* lidar-dimensionsUITests */ = {
			isa = PBXFileSystemSynchronizedRootGroup;
			path = "lidar-dimensionsUITests";
			sourceTree = "<group>";
		};
/* End PBXFileSystemSynchronizedRootGroup section */

/* Begin PBXFrameworksBuildPhase section */
		FC996D6B2CA96B9700BEF324 /* Frameworks */ = {
			isa = PBXFrameworksBuildPhase;
			buildActionMask = 2147483647;
			files = (
			);
			runOnlyForDeploymentPostprocessing = 0;
		};
		FC996D7B2CA96B9A00BEF324 /* Frameworks */ = {
			isa = PBXFrameworksBuildPhase;
			buildActionMask = 2147483647;
			files = (
			);
			runOnlyForDeploymentPostprocessing = 0;
		};
		FC996D852CA96B9A00BEF324 /* Frameworks */ = {
			isa = PBXFrameworksBuildPhase;
			buildActionMask = 2147483647;
			files = (
			);
			runOnlyForDeploymentPostprocessing = 0;
		};
/* End PBXFrameworksBuildPhase section */

/* Begin PBXGroup section */
		FC996D652CA96B9700BEF324 = {
			isa = PBXGroup;
			children = (
				FC996D702CA96B9700BEF324 /* lidar-dimensions */,
				FC996D812CA96B9A00BEF324 /* lidar-dimensionsTests */,
				FC996D8B2CA96B9A00BEF324 /* lidar-dimensionsUITests */,
				FC996D6F2CA96B9700BEF324 /* Products */,
			);
			sourceTree = "<group>";
		};
		FC996D6F2CA96B9700BEF324 /* Products */ = {
			isa = PBXGroup;
			children = (
				FC996D6E2CA96B9700BEF324 /* lidar-dimensions.app */,
				FC996D7E2CA96B9A00BEF324 /* lidar-dimensionsTests.xctest */,
				FC996D882CA96B9A00BEF324 /* lidar-dimensionsUITests.xctest */,
			);
			name = Products;
			sourceTree = "<group>";
		};
/* End PBXGroup section */

/* Begin PBXNativeTarget section */
		FC996D6D2CA96B9700BEF324 /* lidar-dimensions */ = {
			isa = PBXNativeTarget;
			buildConfigurationList = FC996D922CA96B9A00BEF324 /* Build configuration list for PBXNativeTarget "lidar-dimensions" */;
			buildPhases = (
				FC996D6A2CA96B9700BEF324 /* Sources */,
				FC996D6B2CA96B9700BEF324 /* Frameworks */,
				FC996D6C2CA96B9700BEF324 /* Resources */,
			);
			buildRules = (
			);
			dependencies = (
			);
			fileSystemSynchronizedGroups = (
				FC996D702CA96B9700BEF324 /* lidar-dimensions */,
			);
			name = "lidar-dimensions";
			packageProductDependencies = (
			);
			productName = "lidar-dimensions";
			productReference = FC996D6E2CA96B9700BEF324 /* lidar-dimensions.app */;
			productType = "com.apple.product-type.application";
		};
		FC996D7D2CA96B9A00BEF324 /* lidar-dimensionsTests */ = {
			isa = PBXNativeTarget;
			buildConfigurationList = FC996D952CA96B9A00BEF324 /* Build configuration list for PBXNativeTarget "lidar-dimensionsTests" */;
			buildPhases = (
				FC996D7A2CA96B9A00BEF324 /* Sources */,
				FC996D7B2CA96B9A00BEF324 /* Frameworks */,
				FC996D7C2CA96B9A00BEF324 /* Resources */,
			);
			buildRules = (
			);
			dependencies = (
				FC996D802CA96B9A00BEF324 /* PBXTargetDependency */,
			);
			fileSystemSynchronizedGroups = (
				FC996D812CA96B9A00BEF324 /* lidar-dimensionsTests */,
			);
			name = "lidar-dimensionsTests";
			packageProductDependencies = (
			);
			productName = "lidar-dimensionsTests";
			productReference = FC996D7E2CA96B9A00BEF324 /* lidar-dimensionsTests.xctest */;
			productType = "com.apple.product-type.bundle.unit-test";
		};
		FC996D872CA96B9A00BEF324 /* lidar-dimensionsUITests */ = {
			isa = PBXNativeTarget;
			buildConfigurationList = FC996D982CA96B9A00BEF324 /* Build configuration list for PBXNativeTarget "lidar-dimensionsUITests" */;
			buildPhases = (
				FC996D842CA96B9A00BEF324 /* Sources */,
				FC996D852CA96B9A00BEF324 /* Frameworks */,
				FC996D862CA96B9A00BEF324 /* Resources */,
			);
			buildRules = (
			);
			dependencies = (
				FC996D8A2CA96B9A00BEF324 /* PBXTargetDependency */,
			);
			fileSystemSynchronizedGroups = (
				FC996D8B2CA96B9A00BEF324 /* lidar-dimensionsUITests */,
			);
			name = "lidar-dimensionsUITests";
			packageProductDependencies = (
			);
			productName = "lidar-dimensionsUITests";
			productReference = FC996D882CA96B9A00BEF324 /* lidar-dimensionsUITests.xctest */;
			productType = "com.apple.product-type.bundle.ui-testing";
		};
/* End PBXNativeTarget section */

/* Begin PBXProject section */
		FC996D662CA96B9700BEF324 /* Project object */ = {
			isa = PBXProject;
			attributes = {
				BuildIndependentTargetsInParallel = 1;
				LastSwiftUpdateCheck = 1600;
				LastUpgradeCheck = 1600;
				TargetAttributes = {
					FC996D6D2CA96B9700BEF324 = {
						CreatedOnToolsVersion = 16.0;
					};
					FC996D7D2CA96B9A00BEF324 = {
						CreatedOnToolsVersion = 16.0;
						TestTargetID = FC996D6D2CA96B9700BEF324;
					};
					FC996D872CA96B9A00BEF324 = {
						CreatedOnToolsVersion = 16.0;
						TestTargetID = FC996D6D2CA96B9700BEF324;
					};
				};
			};
			buildConfigurationList = FC996D692CA96B9700BEF324 /* Build configuration list for PBXProject "lidar-dimensions" */;
			developmentRegion = en;
			hasScannedForEncodings = 0;
			knownRegions = (
				en,
				Base,
			);
			mainGroup = FC996D652CA96B9700BEF324;
			minimizedProjectReferenceProxies = 1;
			preferredProjectObjectVersion = 77;
			productRefGroup = FC996D6F2CA96B9700BEF324 /* Products */;
			projectDirPath = "";
			projectRoot = "";
			targets = (
				FC996D6D2CA96B9700BEF324 /* lidar-dimensions */,
				FC996D7D2CA96B9A00BEF324 /* lidar-dimensionsTests */,
				FC996D872CA96B9A00BEF324 /* lidar-dimensionsUITests */,
			);
		};
/* End PBXProject section */

/* Begin PBXResourcesBuildPhase section */
		FC996D6C2CA96B9700BEF324 /* Resources */ = {
			isa = PBXResourcesBuildPhase;
			buildActionMask = 2147483647;
			files = (
			);
			runOnlyForDeploymentPostprocessing = 0;
		};
		FC996D7C2CA96B9A00BEF324 /* Resources */ = {
			isa = PBXResourcesBuildPhase;
			buildActionMask = 2147483647;
			files = (
			);
			runOnlyForDeploymentPostprocessing = 0;
		};
		FC996D862CA96B9A00BEF324 /* Resources */ = {
			isa = PBXResourcesBuildPhase;
			buildActionMask = 2147483647;
			files = (
			);
			runOnlyForDeploymentPostprocessing = 0;
		};
/* End PBXResourcesBuildPhase section */

/* Begin PBXSourcesBuildPhase section */
		FC996D6A2CA96B9700BEF324 /* Sources */ = {
			isa = PBXSourcesBuildPhase;
			buildActionMask = 2147483647;
			files = (
			);
			runOnlyForDeploymentPostprocessing = 0;
		};
		FC996D7A2CA96B9A00BEF324 /* Sources */ = {
			isa = PBXSourcesBuildPhase;
			buildActionMask = 2147483647;
			files = (
			);
			runOnlyForDeploymentPostprocessing = 0;
		};
		FC996D842CA96B9A00BEF324 /* Sources */ = {
			isa = PBXSourcesBuildPhase;
			buildActionMask = 2147483647;
			files = (
			);
			runOnlyForDeploymentPostprocessing = 0;
		};
/* End PBXSourcesBuildPhase section */

/* Begin PBXTargetDependency section */
		FC996D802CA96B9A00BEF324 /* PBXTargetDependency */ = {
			isa = PBXTargetDependency;
			target = FC996D6D2CA96B9700BEF324 /* lidar-dimensions */;
			targetProxy = FC996D7F2CA96B9A00BEF324 /* PBXContainerItemProxy */;
		};
		FC996D8A2CA96B9A00BEF324 /* PBXTargetDependency */ = {
			isa = PBXTargetDependency;
			target = FC996D6D2CA96B9700BEF324 /* lidar-dimensions */;
			targetProxy = FC996D892CA96B9A00BEF324 /* PBXContainerItemProxy */;
		};
/* End PBXTargetDependency section */

/* Begin XCBuildConfiguration section */
		FC996D902CA96B9A00BEF324 /* Debug */ = {
			isa = XCBuildConfiguration;
			buildSettings = {
				ALWAYS_SEARCH_USER_PATHS = NO;
				ASSETCATALOG_COMPILER_GENERATE_SWIFT_ASSET_SYMBOL_EXTENSIONS = YES;
				CLANG_ANALYZER_NONNULL = YES;
				CLANG_ANALYZER_NUMBER_OBJECT_CONVERSION = YES_AGGRESSIVE;
				CLANG_CXX_LANGUAGE_STANDARD = "gnu++20";
				CLANG_ENABLE_MODULES = YES;
				CLANG_ENABLE_OBJC_ARC = YES;
				CLANG_ENABLE_OBJC_WEAK = YES;
				CLANG_WARN_BLOCK_CAPTURE_AUTORELEASING = YES;
				CLANG_WARN_BOOL_CONVERSION = YES;
				CLANG_WARN_COMMA = YES;
				CLANG_WARN_CONSTANT_CONVERSION = YES;
				CLANG_WARN_DEPRECATED_OBJC_IMPLEMENTATIONS = YES;
				CLANG_WARN_DIRECT_OBJC_ISA_USAGE = YES_ERROR;
				CLANG_WARN_DOCUMENTATION_COMMENTS = YES;
				CLANG_WARN_EMPTY_BODY = YES;
				CLANG_WARN_ENUM_CONVERSION = YES;
				CLANG_WARN_INFINITE_RECURSION = YES;
				CLANG_WARN_INT_CONVERSION = YES;
				CLANG_WARN_NON_LITERAL_NULL_CONVERSION = YES;
				CLANG_WARN_OBJC_IMPLICIT_RETAIN_SELF = YES;
				CLANG_WARN_OBJC_LITERAL_CONVERSION = YES;
				CLANG_WARN_OBJC_ROOT_CLASS = YES_ERROR;
				CLANG_WARN_QUOTED_INCLUDE_IN_FRAMEWORK_HEADER = YES;
				CLANG_WARN_RANGE_LOOP_ANALYSIS = YES;
				CLANG_WARN_STRICT_PROTOTYPES = YES;
				CLANG_WARN_SUSPICIOUS_MOVE = YES;
				CLANG_WARN_UNGUARDED_AVAILABILITY = YES_AGGRESSIVE;
				CLANG_WARN_UNREACHABLE_CODE = YES;
				CLANG_WARN__DUPLICATE_METHOD_MATCH = YES;
				COPY_PHASE_STRIP = NO;
				DEBUG_INFORMATION_FORMAT = dwarf;
				ENABLE_STRICT_OBJC_MSGSEND = YES;
				ENABLE_TESTABILITY = YES;
				ENABLE_USER_SCRIPT_SANDBOXING = YES;
				GCC_C_LANGUAGE_STANDARD = gnu17;
				GCC_DYNAMIC_NO_PIC = NO;
				GCC_NO_COMMON_BLOCKS = YES;
				GCC_OPTIMIZATION_LEVEL = 0;
				GCC_PREPROCESSOR_DEFINITIONS = (
					"DEBUG=1",
					"$(inherited)",
				);
				GCC_WARN_64_TO_32_BIT_CONVERSION = YES;
				GCC_WARN_ABOUT_RETURN_TYPE = YES_ERROR;
				GCC_WARN_UNDECLARED_SELECTOR = YES;
				GCC_WARN_UNINITIALIZED_AUTOS = YES_AGGRESSIVE;
				GCC_WARN_UNUSED_FUNCTION = YES;
				GCC_WARN_UNUSED_VARIABLE = YES;
				IPHONEOS_DEPLOYMENT_TARGET = 18.0;
				LOCALIZATION_PREFERS_STRING_CATALOGS = YES;
				MTL_ENABLE_DEBUG_INFO = INCLUDE_SOURCE;
				MTL_FAST_MATH = YES;
				ONLY_ACTIVE_ARCH = YES;
				SDKROOT = iphoneos;
				SWIFT_ACTIVE_COMPILATION_CONDITIONS = "DEBUG $(inherited)";
				SWIFT_OPTIMIZATION_LEVEL = "-Onone";
			};
			name = Debug;
		};
		FC996D912CA96B9A00BEF324 /* Release */ = {
			isa = XCBuildConfiguration;
			buildSettings = {
				ALWAYS_SEARCH_USER_PATHS = NO;
				ASSETCATALOG_COMPILER_GENERATE_SWIFT_ASSET_SYMBOL_EXTENSIONS = YES;
				CLANG_ANALYZER_NONNULL = YES;
				CLANG_ANALYZER_NUMBER_OBJECT_CONVERSION = YES_AGGRESSIVE;
				CLANG_CXX_LANGUAGE_STANDARD = "gnu++20";
				CLANG_ENABLE_MODULES = YES;
				CLANG_ENABLE_OBJC_ARC = YES;
				CLANG_ENABLE_OBJC_WEAK = YES;
				CLANG_WARN_BLOCK_CAPTURE_AUTORELEASING = YES;
				CLANG_WARN_BOOL_CONVERSION = YES;
				CLANG_WARN_COMMA = YES;
				CLANG_WARN_CONSTANT_CONVERSION = YES;
				CLANG_WARN_DEPRECATED_OBJC_IMPLEMENTATIONS = YES;
				CLANG_WARN_DIRECT_OBJC_ISA_USAGE = YES_ERROR;
				CLANG_WARN_DOCUMENTATION_COMMENTS = YES;
				CLANG_WARN_EMPTY_BODY = YES;
				CLANG_WARN_ENUM_CONVERSION = YES;
				CLANG_WARN_INFINITE_RECURSION = YES;
				CLANG_WARN_INT_CONVERSION = YES;
				CLANG_WARN_NON_LITERAL_NULL_CONVERSION = YES;
				CLANG_WARN_OBJC_IMPLICIT_RETAIN_SELF = YES;
				CLANG_WARN_OBJC_LITERAL_CONVERSION = YES;
				CLANG_WARN_OBJC_ROOT_CLASS = YES_ERROR;
				CLANG_WARN_QUOTED_INCLUDE_IN_FRAMEWORK_HEADER = YES;
				CLANG_WARN_RANGE_LOOP_ANALYSIS = YES;
				CLANG_WARN_STRICT_PROTOTYPES = YES;
				CLANG_WARN_SUSPICIOUS_MOVE = YES;
				CLANG_WARN_UNGUARDED_AVAILABILITY = YES_AGGRESSIVE;
				CLANG_WARN_UNREACHABLE_CODE = YES;
				CLANG_WARN__DUPLICATE_METHOD_MATCH = YES;
				COPY_PHASE_STRIP = NO;
				DEBUG_INFORMATION_FORMAT = "dwarf-with-dsym";
				ENABLE_NS_ASSERTIONS = NO;
				ENABLE_STRICT_OBJC_MSGSEND = YES;
				ENABLE_USER_SCRIPT_SANDBOXING = YES;
				GCC_C_LANGUAGE_STANDARD = gnu17;
				GCC_NO_COMMON_BLOCKS = YES;
				GCC_WARN_64_TO_32_BIT_CONVERSION = YES;
				GCC_WARN_ABOUT_RETURN_TYPE = YES_ERROR;
				GCC_WARN_UNDECLARED_SELECTOR = YES;
				GCC_WARN_UNINITIALIZED_AUTOS = YES_AGGRESSIVE;
				GCC_WARN_UNUSED_FUNCTION = YES;
				GCC_WARN_UNUSED_VARIABLE = YES;
				IPHONEOS_DEPLOYMENT_TARGET = 18.0;
				LOCALIZATION_PREFERS_STRING_CATALOGS = YES;
				MTL_ENABLE_DEBUG_INFO = NO;
				MTL_FAST_MATH = YES;
				SDKROOT = iphoneos;
				SWIFT_COMPILATION_MODE = wholemodule;
				VALIDATE_PRODUCT = YES;
			};
			name = Release;
		};
		FC996D932CA96B9A00BEF324 /* Debug */ = {
			isa = XCBuildConfiguration;
			buildSettings = {
				ASSETCATALOG_COMPILER_APPICON_NAME = AppIcon;
				ASSETCATALOG_COMPILER_GLOBAL_ACCENT_COLOR_NAME = AccentColor;
				CODE_SIGN_STYLE = Automatic;
				CURRENT_PROJECT_VERSION = 1;
				DEVELOPMENT_ASSET_PATHS = "\"lidar-dimensions/Preview Content\"";
				DEVELOPMENT_TEAM = 7XGZCF54T5;
				ENABLE_PREVIEWS = YES;
				GENERATE_INFOPLIST_FILE = YES;
				INFOPLIST_KEY_NSCameraUsageDescription = "This app uses the camera for LiDAR scanning and AR experiences.";
				INFOPLIST_KEY_UIApplicationSceneManifest_Generation = YES;
				INFOPLIST_KEY_UIApplicationSupportsIndirectInputEvents = YES;
				INFOPLIST_KEY_UILaunchScreen_Generation = YES;
				INFOPLIST_KEY_UISupportedInterfaceOrientations_iPad = "UIInterfaceOrientationPortrait UIInterfaceOrientationPortraitUpsideDown UIInterfaceOrientationLandscapeLeft UIInterfaceOrientationLandscapeRight";
				INFOPLIST_KEY_UISupportedInterfaceOrientations_iPhone = "UIInterfaceOrientationPortrait UIInterfaceOrientationLandscapeLeft UIInterfaceOrientationLandscapeRight";
				IPHONEOS_DEPLOYMENT_TARGET = 17.6;
				LD_RUNPATH_SEARCH_PATHS = (
					"$(inherited)",
					"@executable_path/Frameworks",
				);
				MARKETING_VERSION = 1.0;
				PRODUCT_BUNDLE_IDENTIFIER = "radar.lidar-dimensions";
				PRODUCT_NAME = "$(TARGET_NAME)";
				SWIFT_EMIT_LOC_STRINGS = YES;
				SWIFT_VERSION = 5.0;
				TARGETED_DEVICE_FAMILY = "1,2";
			};
			name = Debug;
		};
		FC996D942CA96B9A00BEF324 /* Release */ = {
			isa = XCBuildConfiguration;
			buildSettings = {
				ASSETCATALOG_COMPILER_APPICON_NAME = AppIcon;
				ASSETCATALOG_COMPILER_GLOBAL_ACCENT_COLOR_NAME = AccentColor;
				CODE_SIGN_STYLE = Automatic;
				CURRENT_PROJECT_VERSION = 1;
				DEVELOPMENT_ASSET_PATHS = "\"lidar-dimensions/Preview Content\"";
				DEVELOPMENT_TEAM = 7XGZCF54T5;
				ENABLE_PREVIEWS = YES;
				GENERATE_INFOPLIST_FILE = YES;
				INFOPLIST_KEY_NSCameraUsageDescription = "This app uses the camera for LiDAR scanning and AR experiences.";
				INFOPLIST_KEY_UIApplicationSceneManifest_Generation = YES;
				INFOPLIST_KEY_UIApplicationSupportsIndirectInputEvents = YES;
				INFOPLIST_KEY_UILaunchScreen_Generation = YES;
				INFOPLIST_KEY_UISupportedInterfaceOrientations_iPad = "UIInterfaceOrientationPortrait UIInterfaceOrientationPortraitUpsideDown UIInterfaceOrientationLandscapeLeft UIInterfaceOrientationLandscapeRight";
				INFOPLIST_KEY_UISupportedInterfaceOrientations_iPhone = "UIInterfaceOrientationPortrait UIInterfaceOrientationLandscapeLeft UIInterfaceOrientationLandscapeRight";
				IPHONEOS_DEPLOYMENT_TARGET = 17.6;
				LD_RUNPATH_SEARCH_PATHS = (
					"$(inherited)",
					"@executable_path/Frameworks",
				);
				MARKETING_VERSION = 1.0;
				PRODUCT_BUNDLE_IDENTIFIER = "radar.lidar-dimensions";
				PRODUCT_NAME = "$(TARGET_NAME)";
				SWIFT_EMIT_LOC_STRINGS = YES;
				SWIFT_VERSION = 5.0;
				TARGETED_DEVICE_FAMILY = "1,2";
			};
			name = Release;
		};
		FC996D962CA96B9A00BEF324 /* Debug */ = {
			isa = XCBuildConfiguration;
			buildSettings = {
				BUNDLE_LOADER = "$(TEST_HOST)";
				CODE_SIGN_STYLE = Automatic;
				CURRENT_PROJECT_VERSION = 1;
				GENERATE_INFOPLIST_FILE = YES;
				IPHONEOS_DEPLOYMENT_TARGET = 18.0;
				MARKETING_VERSION = 1.0;
				PRODUCT_BUNDLE_IDENTIFIER = "radar.lidar-dimensionsTests";
				PRODUCT_NAME = "$(TARGET_NAME)";
				SWIFT_EMIT_LOC_STRINGS = NO;
				SWIFT_VERSION = 5.0;
				TARGETED_DEVICE_FAMILY = "1,2";
				TEST_HOST = "$(BUILT_PRODUCTS_DIR)/lidar-dimensions.app/$(BUNDLE_EXECUTABLE_FOLDER_PATH)/lidar-dimensions";
			};
			name = Debug;
		};
		FC996D972CA96B9A00BEF324 /* Release */ = {
			isa = XCBuildConfiguration;
			buildSettings = {
				BUNDLE_LOADER = "$(TEST_HOST)";
				CODE_SIGN_STYLE = Automatic;
				CURRENT_PROJECT_VERSION = 1;
				GENERATE_INFOPLIST_FILE = YES;
				IPHONEOS_DEPLOYMENT_TARGET = 18.0;
				MARKETING_VERSION = 1.0;
				PRODUCT_BUNDLE_IDENTIFIER = "radar.lidar-dimensionsTests";
				PRODUCT_NAME = "$(TARGET_NAME)";
				SWIFT_EMIT_LOC_STRINGS = NO;
				SWIFT_VERSION = 5.0;
				TARGETED_DEVICE_FAMILY = "1,2";
				TEST_HOST = "$(BUILT_PRODUCTS_DIR)/lidar-dimensions.app/$(BUNDLE_EXECUTABLE_FOLDER_PATH)/lidar-dimensions";
			};
			name = Release;
		};
		FC996D992CA96B9A00BEF324 /* Debug */ = {
			isa = XCBuildConfiguration;
			buildSettings = {
				CODE_SIGN_STYLE = Automatic;
				CURRENT_PROJECT_VERSION = 1;
				GENERATE_INFOPLIST_FILE = YES;
				MARKETING_VERSION = 1.0;
				PRODUCT_BUNDLE_IDENTIFIER = "radar.lidar-dimensionsUITests";
				PRODUCT_NAME = "$(TARGET_NAME)";
				SWIFT_EMIT_LOC_STRINGS = NO;
				SWIFT_VERSION = 5.0;
				TARGETED_DEVICE_FAMILY = "1,2";
				TEST_TARGET_NAME = "lidar-dimensions";
			};
			name = Debug;
		};
		FC996D9A2CA96B9A00BEF324 /* Release */ = {
			isa = XCBuildConfiguration;
			buildSettings = {
				CODE_SIGN_STYLE = Automatic;
				CURRENT_PROJECT_VERSION = 1;
				GENERATE_INFOPLIST_FILE = YES;
				MARKETING_VERSION = 1.0;
				PRODUCT_BUNDLE_IDENTIFIER = "radar.lidar-dimensionsUITests";
				PRODUCT_NAME = "$(TARGET_NAME)";
				SWIFT_EMIT_LOC_STRINGS = NO;
				SWIFT_VERSION = 5.0;
				TARGETED_DEVICE_FAMILY = "1,2";
				TEST_TARGET_NAME = "lidar-dimensions";
			};
			name = Release;
		};
/* End XCBuildConfiguration section */

/* Begin XCConfigurationList section */
		FC996D692CA96B9700BEF324 /* Build configuration list for PBXProject "lidar-dimensions" */ = {
			isa = XCConfigurationList;
			buildConfigurations = (
				FC996D902CA96B9A00BEF324 /* Debug */,
				FC996D912CA96B9A00BEF324 /* Release */,
			);
			defaultConfigurationIsVisible = 0;
			defaultConfigurationName = Release;
		};
		FC996D922CA96B9A00BEF324 /* Build configuration list for PBXNativeTarget "lidar-dimensions" */ = {
			isa = XCConfigurationList;
			buildConfigurations = (
				FC996D932CA96B9A00BEF324 /* Debug */,
				FC996D942CA96B9A00BEF324 /* Release */,
			);
			defaultConfigurationIsVisible = 0;
			defaultConfigurationName = Release;
		};
		FC996D952CA96B9A00BEF324 /* Build configuration list for PBXNativeTarget "lidar-dimensionsTests" */ = {
			isa = XCConfigurationList;
			buildConfigurations = (
				FC996D962CA96B9A00BEF324 /* Debug */,
				FC996D972CA96B9A00BEF324 /* Release */,
			);
			defaultConfigurationIsVisible = 0;
			defaultConfigurationName = Release;
		};
		FC996D982CA96B9A00BEF324 /* Build configuration list for PBXNativeTarget "lidar-dimensionsUITests" */ = {
			isa = XCConfigurationList;
			buildConfigurations = (
				FC996D992CA96B9A00BEF324 /* Debug */,
				FC996D9A2CA96B9A00BEF324 /* Release */,
			);
			defaultConfigurationIsVisible = 0;
			defaultConfigurationName = Release;
		};
/* End XCConfigurationList section */
	};
	rootObject = FC996D662CA96B9700BEF324 /* Project object */;
}
